Microsoft Visual Studio Solution File, Format Version 12.00
# Visual Studio Version 16
VisualStudioVersion = 16.0.30011.22
MinimumVisualStudioVersion = 10.0.40219.1
Project("{9A19103F-16F7-4668-BE54-9A1E7A4F7556}") = "HttpRpc.Demo.Interface", "HttpRpc.Demo.Interface\HttpRpc.Demo.Interface.csproj", "{82B56105-F6CA-4CE9-9D86-3435DA1F3739}"
EndProject
Project("{9A19103F-16F7-4668-BE54-9A1E7A4F7556}") = "HttpRpc", "HttpRpc\HttpRpc.csproj", "{EF79BEED-55C5-43B1-94BE-53A53157BF02}"
EndProject
Project("{9A19103F-16F7-4668-BE54-9A1E7A4F7556}") = "HttpRpc.Demo.Client", "HttpRpc.Demo.Client\HttpRpc.Demo.Client.csproj", "{0E4BC3AC-337F-4816-B13E-A2EDA064297A}"
EndProject
Project("{9A19103F-16F7-4668-BE54-9A1E7A4F7556}") = "HttpRpc.Demo.Server", "HttpRpc.Demo.Server\HttpRpc.Demo.Server.csproj", "{D5080D56-409F-4685-A577-88780E8A465B}"
EndProject
Global
	GlobalSection(SolutionConfigurationPlatforms) = preSolution
		Debug|Any CPU = Debug|Any CPU
		Release|Any CPU = Release|Any CPU
	EndGlobalSection
	GlobalSection(ProjectConfigurationPlatforms) = postSolution
		{82B56105-F6CA-4CE9-9D86-3435DA1F3739}.Debug|Any CPU.ActiveCfg = Debug|Any CPU
		{82B56105-F6CA-4CE9-9D86-3435DA1F3739}.Debug|Any CPU.Build.0 = Debug|Any CPU
		{82B56105-F6CA-4CE9-9D86-3435DA1F3739}.Release|Any CPU.ActiveCfg = Release|Any CPU
		{82B56105-F6CA-4CE9-9D86-3435DA1F3739}.Release|Any CPU.Build.0 = Release|Any CPU
		{EF79BEED-55C5-43B1-94BE-53A53157BF02}.Debug|Any CPU.ActiveCfg = Debug|Any CPU
		{EF79BEED-55C5-43B1-94BE-53A53157BF02}.Debug|Any CPU.Build.0 = Debug|Any CPU
		{EF79BEED-55C5-43B1-94BE-53A53157BF02}.Release|Any CPU.ActiveCfg = Release|Any CPU
		{EF79BEED-55C5-43B1-94BE-53A53157BF02}.Release|Any CPU.Build.0 = Release|Any CPU
		{0E4BC3AC-337F-4816-B13E-A2EDA064297A}.Debug|Any CPU.ActiveCfg = Debug|Any CPU
		{0E4BC3AC-337F-4816-B13E-A2EDA064297A}.Debug|Any CPU.Build.0 = Debug|Any CPU
		{0E4BC3AC-337F-4816-B13E-A2EDA064297A}.Release|Any CPU.ActiveCfg = Release|Any CPU
		{0E4BC3AC-337F-4816-B13E-A2EDA064297A}.Release|Any CPU.Build.0 = Release|Any CPU
		{D5080D56-409F-4685-A577-88780E8A465B}.Debug|Any CPU.ActiveCfg = Debug|Any CPU
		{D5080D56-409F-4685-A577-88780E8A465B}.Debug|Any CPU.Build.0 = Debug|Any CPU
		{D5080D56-409F-4685-A577-88780E8A465B}.Release|Any CPU.ActiveCfg = Release|Any CPU
		{D5080D56-409F-4685-A577-88780E8A465B}.Release|Any CPU.Build.0 = Release|Any CPU
	EndGlobalSection
	GlobalSection(SolutionProperties) = preSolution
		HideSolutionNode = FALSE
	EndGlobalSection
	GlobalSection(ExtensibilityGlobals) = postSolution
		SolutionGuid = {913E613C-3220-4B14-BF5D-66D0A06424FE}
	EndGlobalSection
EndGlobal
